
Microsoft Visual Studio Solution File, Format Version 12.00
# Visual Studio Version 17
VisualStudioVersion = 17.5.002.0
MinimumVisualStudioVersion = 10.0.40219.1
Project("{2150E333-8FDC-42A3-9474-1A3956D46DE8}") = "csharp-prep", "csharp-prep", "{93EAF40C-4CC9-4254-B3A5-1F05387471C4}"
EndProject
Project("{9A19103F-16F7-4668-BE54-9A1E7A4F7556}") = "Prep1", "csharp-prep\Prep1\Prep1.csproj", "{83D86DEA-35CA-413C-83C4-0F7B6403B11A}"
EndProject
Project("{9A19103F-16F7-4668-BE54-9A1E7A4F7556}") = "Prep2", "csharp-prep\Prep2\Prep2.csproj", "{F8FE65E8-7782-44F8-95EB-21139FA5CB99}"
EndProject
Project("{9A19103F-16F7-4668-BE54-9A1E7A4F7556}") = "Prep3", "csharp-prep\Prep3\Prep3.csproj", "{FBCA766F-853D-4C90-8F26-99745DF801D5}"
EndProject
Project("{9A19103F-16F7-4668-BE54-9A1E7A4F7556}") = "Prep4", "csharp-prep\Prep4\Prep4.csproj", "{47671399-17DA-4190-B843-A75AD73111D1}"
EndProject
Project("{9A19103F-16F7-4668-BE54-9A1E7A4F7556}") = "Prep5", "csharp-prep\Prep5\Prep5.csproj", "{23700C4F-F77B-4098-BDFC-ED334D87C996}"
EndProject
Project("{2150E333-8FDC-42A3-9474-1A3956D46DE8}") = "final", "final", "{D38A8957-D563-4818-B60B-6F739F95B982}"
EndProject
Project("{9A19103F-16F7-4668-BE54-9A1E7A4F7556}") = "FinalProject", "final\FinalProject\FinalProject.csproj", "{CE93AFFE-0F6E-4E89-A390-997F0DF205A4}"
EndProject
Project("{9A19103F-16F7-4668-BE54-9A1E7A4F7556}") = "Foundation1", "final\Foundation1\Foundation1.csproj", "{7892F737-AC3B-4966-8373-DB2CADCDF90C}"
EndProject
Project("{9A19103F-16F7-4668-BE54-9A1E7A4F7556}") = "Foundation2", "final\Foundation2\Foundation2.csproj", "{68212E74-8C52-437A-86F7-0117E01D6D09}"
EndProject
Project("{9A19103F-16F7-4668-BE54-9A1E7A4F7556}") = "Foundation3", "final\Foundation3\Foundation3.csproj", "{86C57C0C-C1E6-4E0B-9206-113EA49794DC}"
EndProject
Project("{9A19103F-16F7-4668-BE54-9A1E7A4F7556}") = "Foundation4", "final\Foundation4\Foundation4.csproj", "{9E5697D2-FA7F-420F-8AD1-2A06223AC3BE}"
EndProject
Project("{2150E333-8FDC-42A3-9474-1A3956D46DE8}") = "prepare", "prepare", "{8CED915C-A581-4293-B76A-20BD83FCFED8}"
EndProject
Project("{9A19103F-16F7-4668-BE54-9A1E7A4F7556}") = "Learning02", "prepare\Learning02\Learning02.csproj", "{A09BB6EC-5A67-4D17-9549-054A1F19D985}"
EndProject
Project("{9A19103F-16F7-4668-BE54-9A1E7A4F7556}") = "Learning03", "prepare\Learning03\Learning03.csproj", "{B3AF1203-834A-49E9-B6AB-CE3CC35D3861}"
EndProject
Project("{9A19103F-16F7-4668-BE54-9A1E7A4F7556}") = "Learning04", "prepare\Learning04\Learning04.csproj", "{AAE38042-59D2-4B5B-B597-2A70F0AE9967}"
EndProject
Project("{9A19103F-16F7-4668-BE54-9A1E7A4F7556}") = "Learning05", "prepare\Learning05\Learning05.csproj", "{A9281F79-678D-4E9F-871C-557FD5C9A069}"
EndProject
Project("{2150E333-8FDC-42A3-9474-1A3956D46DE8}") = "prove", "prove", "{BFF8ABC4-A614-4E96-9BC2-4AA25956F22B}"
EndProject
Project("{9A19103F-16F7-4668-BE54-9A1E7A4F7556}") = "Develop02", "prove\Develop02\Develop02.csproj", "{7C297765-447C-4B54-9DB6-7CA71C935D0D}"
EndProject
Project("{9A19103F-16F7-4668-BE54-9A1E7A4F7556}") = "Develop03", "prove\Develop03\Develop03.csproj", "{87B84716-F4E5-439C-8C4B-A123DA8E1248}"
EndProject
Project("{9A19103F-16F7-4668-BE54-9A1E7A4F7556}") = "Develop04", "prove\Develop04\Develop04.csproj", "{413265C2-3365-4150-9D58-1A9AF854445C}"
EndProject
Project("{9A19103F-16F7-4668-BE54-9A1E7A4F7556}") = "Develop05", "prove\Develop05\Develop05.csproj", "{A11513D9-52F1-4ADB-85D0-5CE6BF9465DB}"
EndProject
Project("{2150E333-8FDC-42A3-9474-1A3956D46DE8}") = "sandbox", "sandbox", "{3A2D4ED9-9177-4726-B358-7C5E087D8348}"
EndProject
Project("{9A19103F-16F7-4668-BE54-9A1E7A4F7556}") = "Sandbox", "sandbox\Sandbox\Sandbox.csproj", "{DD77D9E8-FD15-470E-A480-03A51A3D5EB5}"
EndProject
Global
	GlobalSection(SolutionConfigurationPlatforms) = preSolution
		Debug|Any CPU = Debug|Any CPU
		Release|Any CPU = Release|Any CPU
	EndGlobalSection
	GlobalSection(ProjectConfigurationPlatforms) = postSolution
		{83D86DEA-35CA-413C-83C4-0F7B6403B11A}.Debug|Any CPU.ActiveCfg = Debug|Any CPU
		{83D86DEA-35CA-413C-83C4-0F7B6403B11A}.Debug|Any CPU.Build.0 = Debug|Any CPU
		{83D86DEA-35CA-413C-83C4-0F7B6403B11A}.Release|Any CPU.ActiveCfg = Release|Any CPU
		{83D86DEA-35CA-413C-83C4-0F7B6403B11A}.Release|Any CPU.Build.0 = Release|Any CPU
		{F8FE65E8-7782-44F8-95EB-21139FA5CB99}.Debug|Any CPU.ActiveCfg = Debug|Any CPU
		{F8FE65E8-7782-44F8-95EB-21139FA5CB99}.Debug|Any CPU.Build.0 = Debug|Any CPU
		{F8FE65E8-7782-44F8-95EB-21139FA5CB99}.Release|Any CPU.ActiveCfg = Release|Any CPU
		{F8FE65E8-7782-44F8-95EB-21139FA5CB99}.Release|Any CPU.Build.0 = Release|Any CPU
		{FBCA766F-853D-4C90-8F26-99745DF801D5}.Debug|Any CPU.ActiveCfg = Debug|Any CPU
		{FBCA766F-853D-4C90-8F26-99745DF801D5}.Debug|Any CPU.Build.0 = Debug|Any CPU
		{FBCA766F-853D-4C90-8F26-99745DF801D5}.Release|Any CPU.ActiveCfg = Release|Any CPU
		{FBCA766F-853D-4C90-8F26-99745DF801D5}.Release|Any CPU.Build.0 = Release|Any CPU
		{47671399-17DA-4190-B843-A75AD73111D1}.Debug|Any CPU.ActiveCfg = Debug|Any CPU
		{47671399-17DA-4190-B843-A75AD73111D1}.Debug|Any CPU.Build.0 = Debug|Any CPU
		{47671399-17DA-4190-B843-A75AD73111D1}.Release|Any CPU.ActiveCfg = Release|Any CPU
		{47671399-17DA-4190-B843-A75AD73111D1}.Release|Any CPU.Build.0 = Release|Any CPU
		{23700C4F-F77B-4098-BDFC-ED334D87C996}.Debug|Any CPU.ActiveCfg = Debug|Any CPU
		{23700C4F-F77B-4098-BDFC-ED334D87C996}.Debug|Any CPU.Build.0 = Debug|Any CPU
		{23700C4F-F77B-4098-BDFC-ED334D87C996}.Release|Any CPU.ActiveCfg = Release|Any CPU
		{23700C4F-F77B-4098-BDFC-ED334D87C996}.Release|Any CPU.Build.0 = Release|Any CPU
		{CE93AFFE-0F6E-4E89-A390-997F0DF205A4}.Debug|Any CPU.ActiveCfg = Debug|Any CPU
		{CE93AFFE-0F6E-4E89-A390-997F0DF205A4}.Debug|Any CPU.Build.0 = Debug|Any CPU
		{CE93AFFE-0F6E-4E89-A390-997F0DF205A4}.Release|Any CPU.ActiveCfg = Release|Any CPU
		{CE93AFFE-0F6E-4E89-A390-997F0DF205A4}.Release|Any CPU.Build.0 = Release|Any CPU
		{7892F737-AC3B-4966-8373-DB2CADCDF90C}.Debug|Any CPU.ActiveCfg = Debug|Any CPU
		{7892F737-AC3B-4966-8373-DB2CADCDF90C}.Debug|Any CPU.Build.0 = Debug|Any CPU
		{7892F737-AC3B-4966-8373-DB2CADCDF90C}.Release|Any CPU.ActiveCfg = Release|Any CPU
		{7892F737-AC3B-4966-8373-DB2CADCDF90C}.Release|Any CPU.Build.0 = Release|Any CPU
		{68212E74-8C52-437A-86F7-0117E01D6D09}.Debug|Any CPU.ActiveCfg = Debug|Any CPU
		{68212E74-8C52-437A-86F7-0117E01D6D09}.Debug|Any CPU.Build.0 = Debug|Any CPU
		{68212E74-8C52-437A-86F7-0117E01D6D09}.Release|Any CPU.ActiveCfg = Release|Any CPU
		{68212E74-8C52-437A-86F7-0117E01D6D09}.Release|Any CPU.Build.0 = Release|Any CPU
		{86C57C0C-C1E6-4E0B-9206-113EA49794DC}.Debug|Any CPU.ActiveCfg = Debug|Any CPU
		{86C57C0C-C1E6-4E0B-9206-113EA49794DC}.Debug|Any CPU.Build.0 = Debug|Any CPU
		{86C57C0C-C1E6-4E0B-9206-113EA49794DC}.Release|Any CPU.ActiveCfg = Release|Any CPU
		{86C57C0C-C1E6-4E0B-9206-113EA49794DC}.Release|Any CPU.Build.0 = Release|Any CPU
		{9E5697D2-FA7F-420F-8AD1-2A06223AC3BE}.Debug|Any CPU.ActiveCfg = Debug|Any CPU
		{9E5697D2-FA7F-420F-8AD1-2A06223AC3BE}.Debug|Any CPU.Build.0 = Debug|Any CPU
		{9E5697D2-FA7F-420F-8AD1-2A06223AC3BE}.Release|Any CPU.ActiveCfg = Release|Any CPU
		{9E5697D2-FA7F-420F-8AD1-2A06223AC3BE}.Release|Any CPU.Build.0 = Release|Any CPU
		{A09BB6EC-5A67-4D17-9549-054A1F19D985}.Debug|Any CPU.ActiveCfg = Debug|Any CPU
		{A09BB6EC-5A67-4D17-9549-054A1F19D985}.Debug|Any CPU.Build.0 = Debug|Any CPU
		{A09BB6EC-5A67-4D17-9549-054A1F19D985}.Release|Any CPU.ActiveCfg = Release|Any CPU
		{A09BB6EC-5A67-4D17-9549-054A1F19D985}.Release|Any CPU.Build.0 = Release|Any CPU
		{B3AF1203-834A-49E9-B6AB-CE3CC35D3861}.Debug|Any CPU.ActiveCfg = Debug|Any CPU
		{B3AF1203-834A-49E9-B6AB-CE3CC35D3861}.Debug|Any CPU.Build.0 = Debug|Any CPU
		{B3AF1203-834A-49E9-B6AB-CE3CC35D3861}.Release|Any CPU.ActiveCfg = Release|Any CPU
		{B3AF1203-834A-49E9-B6AB-CE3CC35D3861}.Release|Any CPU.Build.0 = Release|Any CPU
		{AAE38042-59D2-4B5B-B597-2A70F0AE9967}.Debug|Any CPU.ActiveCfg = Debug|Any CPU
		{AAE38042-59D2-4B5B-B597-2A70F0AE9967}.Debug|Any CPU.Build.0 = Debug|Any CPU
		{AAE38042-59D2-4B5B-B597-2A70F0AE9967}.Release|Any CPU.ActiveCfg = Release|Any CPU
		{AAE38042-59D2-4B5B-B597-2A70F0AE9967}.Release|Any CPU.Build.0 = Release|Any CPU
		{A9281F79-678D-4E9F-871C-557FD5C9A069}.Debug|Any CPU.ActiveCfg = Debug|Any CPU
		{A9281F79-678D-4E9F-871C-557FD5C9A069}.Debug|Any CPU.Build.0 = Debug|Any CPU
		{A9281F79-678D-4E9F-871C-557FD5C9A069}.Release|Any CPU.ActiveCfg = Release|Any CPU
		{A9281F79-678D-4E9F-871C-557FD5C9A069}.Release|Any CPU.Build.0 = Release|Any CPU
		{7C297765-447C-4B54-9DB6-7CA71C935D0D}.Debug|Any CPU.ActiveCfg = Debug|Any CPU
		{7C297765-447C-4B54-9DB6-7CA71C935D0D}.Debug|Any CPU.Build.0 = Debug|Any CPU
		{7C297765-447C-4B54-9DB6-7CA71C935D0D}.Release|Any CPU.ActiveCfg = Release|Any CPU
		{7C297765-447C-4B54-9DB6-7CA71C935D0D}.Release|Any CPU.Build.0 = Release|Any CPU
		{87B84716-F4E5-439C-8C4B-A123DA8E1248}.Debug|Any CPU.ActiveCfg = Debug|Any CPU
		{87B84716-F4E5-439C-8C4B-A123DA8E1248}.Debug|Any CPU.Build.0 = Debug|Any CPU
		{87B84716-F4E5-439C-8C4B-A123DA8E1248}.Release|Any CPU.ActiveCfg = Release|Any CPU
		{87B84716-F4E5-439C-8C4B-A123DA8E1248}.Release|Any CPU.Build.0 = Release|Any CPU
		{413265C2-3365-4150-9D58-1A9AF854445C}.Debug|Any CPU.ActiveCfg = Debug|Any CPU
		{413265C2-3365-4150-9D58-1A9AF854445C}.Debug|Any CPU.Build.0 = Debug|Any CPU
		{413265C2-3365-4150-9D58-1A9AF854445C}.Release|Any CPU.ActiveCfg = Release|Any CPU
		{413265C2-3365-4150-9D58-1A9AF854445C}.Release|Any CPU.Build.0 = Release|Any CPU
		{A11513D9-52F1-4ADB-85D0-5CE6BF9465DB}.Debug|Any CPU.ActiveCfg = Debug|Any CPU
		{A11513D9-52F1-4ADB-85D0-5CE6BF9465DB}.Debug|Any CPU.Build.0 = Debug|Any CPU
		{A11513D9-52F1-4ADB-85D0-5CE6BF9465DB}.Release|Any CPU.ActiveCfg = Release|Any CPU
		{A11513D9-52F1-4ADB-85D0-5CE6BF9465DB}.Release|Any CPU.Build.0 = Release|Any CPU
		{DD77D9E8-FD15-470E-A480-03A51A3D5EB5}.Debug|Any CPU.ActiveCfg = Debug|Any CPU
		{DD77D9E8-FD15-470E-A480-03A51A3D5EB5}.Debug|Any CPU.Build.0 = Debug|Any CPU
		{DD77D9E8-FD15-470E-A480-03A51A3D5EB5}.Release|Any CPU.ActiveCfg = Release|Any CPU
		{DD77D9E8-FD15-470E-A480-03A51A3D5EB5}.Release|Any CPU.Build.0 = Release|Any CPU
	EndGlobalSection
	GlobalSection(SolutionProperties) = preSolution
		HideSolutionNode = FALSE
	EndGlobalSection
	GlobalSection(NestedProjects) = preSolution
		{83D86DEA-35CA-413C-83C4-0F7B6403B11A} = {93EAF40C-4CC9-4254-B3A5-1F05387471C4}
		{F8FE65E8-7782-44F8-95EB-21139FA5CB99} = {93EAF40C-4CC9-4254-B3A5-1F05387471C4}
		{FBCA766F-853D-4C90-8F26-99745DF801D5} = {93EAF40C-4CC9-4254-B3A5-1F05387471C4}
		{47671399-17DA-4190-B843-A75AD73111D1} = {93EAF40C-4CC9-4254-B3A5-1F05387471C4}
		{23700C4F-F77B-4098-BDFC-ED334D87C996} = {93EAF40C-4CC9-4254-B3A5-1F05387471C4}
		{CE93AFFE-0F6E-4E89-A390-997F0DF205A4} = {D38A8957-D563-4818-B60B-6F739F95B982}
		{7892F737-AC3B-4966-8373-DB2CADCDF90C} = {D38A8957-D563-4818-B60B-6F739F95B982}
		{68212E74-8C52-437A-86F7-0117E01D6D09} = {D38A8957-D563-4818-B60B-6F739F95B982}
		{86C57C0C-C1E6-4E0B-9206-113EA49794DC} = {D38A8957-D563-4818-B60B-6F739F95B982}
		{9E5697D2-FA7F-420F-8AD1-2A06223AC3BE} = {D38A8957-D563-4818-B60B-6F739F95B982}
		{A09BB6EC-5A67-4D17-9549-054A1F19D985} = {8CED915C-A581-4293-B76A-20BD83FCFED8}
		{B3AF1203-834A-49E9-B6AB-CE3CC35D3861} = {8CED915C-A581-4293-B76A-20BD83FCFED8}
		{AAE38042-59D2-4B5B-B597-2A70F0AE9967} = {8CED915C-A581-4293-B76A-20BD83FCFED8}
		{A9281F79-678D-4E9F-871C-557FD5C9A069} = {8CED915C-A581-4293-B76A-20BD83FCFED8}
		{7C297765-447C-4B54-9DB6-7CA71C935D0D} = {BFF8ABC4-A614-4E96-9BC2-4AA25956F22B}
		{87B84716-F4E5-439C-8C4B-A123DA8E1248} = {BFF8ABC4-A614-4E96-9BC2-4AA25956F22B}
		{413265C2-3365-4150-9D58-1A9AF854445C} = {BFF8ABC4-A614-4E96-9BC2-4AA25956F22B}
		{A11513D9-52F1-4ADB-85D0-5CE6BF9465DB} = {BFF8ABC4-A614-4E96-9BC2-4AA25956F22B}
		{DD77D9E8-FD15-470E-A480-03A51A3D5EB5} = {3A2D4ED9-9177-4726-B358-7C5E087D8348}
	EndGlobalSection
	GlobalSection(ExtensibilityGlobals) = postSolution
		SolutionGuid = {AFE08183-FCC9-4269-9198-C7587498DED8}
	EndGlobalSection
EndGlobal
